// !$*UTF8*$!
{
	archiveVersion = 1;
	classes = {
	};
	objectVersion = 56;
	objects = {

/* Begin PBXBuildFile section */
		2213D0B528EF82F8001C350E /* AppDelegate.swift in Sources */ = {isa = PBXBuildFile; fileRef = 2213D0B428EF82F8001C350E /* AppDelegate.swift */; };
		2213D0B728EF82F8001C350E /* SceneDelegate.swift in Sources */ = {isa = PBXBuildFile; fileRef = 2213D0B628EF82F8001C350E /* SceneDelegate.swift */; };
		2213D0B928EF82F8001C350E /* ViewController.swift in Sources */ = {isa = PBXBuildFile; fileRef = 2213D0B828EF82F8001C350E /* ViewController.swift */; };
		2213D0BE28EF82FA001C350E /* Assets.xcassets in Resources */ = {isa = PBXBuildFile; fileRef = 2213D0BD28EF82FA001C350E /* Assets.xcassets */; };
		2213D0C128EF82FA001C350E /* LaunchScreen.storyboard in Resources */ = {isa = PBXBuildFile; fileRef = 2213D0BF28EF82FA001C350E /* LaunchScreen.storyboard */; };
		2213D0CF28EF85A2001C350E /* Resources.swift in Sources */ = {isa = PBXBuildFile; fileRef = 2213D0CE28EF85A2001C350E /* Resources.swift */; };
		2213D0D128EF8642001C350E /* WeatherService.swift in Sources */ = {isa = PBXBuildFile; fileRef = 2213D0D028EF8642001C350E /* WeatherService.swift */; };
/* End PBXBuildFile section */

/* Begin PBXFileReference section */
		2213D0B128EF82F8001C350E /* WeatherAppTest.app */ = {isa = PBXFileReference; explicitFileType = wrapper.application; includeInIndex = 0; path = WeatherAppTest.app; sourceTree = BUILT_PRODUCTS_DIR; };
		2213D0B428EF82F8001C350E /* AppDelegate.swift */ = {isa = PBXFileReference; lastKnownFileType = sourcecode.swift; path = AppDelegate.swift; sourceTree = "<group>"; };
		2213D0B628EF82F8001C350E /* SceneDelegate.swift */ = {isa = PBXFileReference; lastKnownFileType = sourcecode.swift; path = SceneDelegate.swift; sourceTree = "<group>"; };
		2213D0B828EF82F8001C350E /* ViewController.swift */ = {isa = PBXFileReference; lastKnownFileType = sourcecode.swift; path = ViewController.swift; sourceTree = "<group>"; };
		2213D0BD28EF82FA001C350E /* Assets.xcassets */ = {isa = PBXFileReference; lastKnownFileType = folder.assetcatalog; path = Assets.xcassets; sourceTree = "<group>"; };
		2213D0C028EF82FA001C350E /* Base */ = {isa = PBXFileReference; lastKnownFileType = file.storyboard; name = Base; path = Base.lproj/LaunchScreen.storyboard; sourceTree = "<group>"; };
		2213D0C228EF82FA001C350E /* Info.plist */ = {isa = PBXFileReference; lastKnownFileType = text.plist.xml; path = Info.plist; sourceTree = "<group>"; };
		2213D0CE28EF85A2001C350E /* Resources.swift */ = {isa = PBXFileReference; lastKnownFileType = sourcecode.swift; path = Resources.swift; sourceTree = "<group>"; };
		2213D0D028EF8642001C350E /* WeatherService.swift */ = {isa = PBXFileReference; lastKnownFileType = sourcecode.swift; path = WeatherService.swift; sourceTree = "<group>"; };
/* End PBXFileReference section */

/* Begin PBXFrameworksBuildPhase section */
		2213D0AE28EF82F8001C350E /* Frameworks */ = {
			isa = PBXFrameworksBuildPhase;
			buildActionMask = 2147483647;
			files = (
			);
			runOnlyForDeploymentPostprocessing = 0;
		};
/* End PBXFrameworksBuildPhase section */

/* Begin PBXGroup section */
		2213D0A828EF82F8001C350E = {
			isa = PBXGroup;
			children = (
				2213D0B328EF82F8001C350E /* WeatherAppTest */,
				2213D0B228EF82F8001C350E /* Products */,
			);
			sourceTree = "<group>";
		};
		2213D0B228EF82F8001C350E /* Products */ = {
			isa = PBXGroup;
			children = (
				2213D0B128EF82F8001C350E /* WeatherAppTest.app */,
			);
			name = Products;
			sourceTree = "<group>";
		};
		2213D0B328EF82F8001C350E /* WeatherAppTest */ = {
			isa = PBXGroup;
			children = (
				2213D0CC28EF832B001C350E /* Resources */,
				2213D0CB28EF8323001C350E /* Services */,
				2213D0CA28EF8318001C350E /* Application */,
				2213D0C928EF8310001C350E /* Controller */,
				2213D0C828EF8300001C350E /* Helpers */,
			);
			path = WeatherAppTest;
			sourceTree = "<group>";
		};
		2213D0C828EF8300001C350E /* Helpers */ = {
			isa = PBXGroup;
			children = (
				2213D0BD28EF82FA001C350E /* Assets.xcassets */,
				2213D0C228EF82FA001C350E /* Info.plist */,
			);
			path = Helpers;
			sourceTree = "<group>";
		};
		2213D0C928EF8310001C350E /* Controller */ = {
			isa = PBXGroup;
			children = (
				2213D0B828EF82F8001C350E /* ViewController.swift */,
			);
			path = Controller;
			sourceTree = "<group>";
		};
		2213D0CA28EF8318001C350E /* Application */ = {
			isa = PBXGroup;
			children = (
				2213D0BF28EF82FA001C350E /* LaunchScreen.storyboard */,
				2213D0B628EF82F8001C350E /* SceneDelegate.swift */,
				2213D0B428EF82F8001C350E /* AppDelegate.swift */,
			);
			path = Application;
			sourceTree = "<group>";
		};
		2213D0CB28EF8323001C350E /* Services */ = {
			isa = PBXGroup;
			children = (
				2213D0D028EF8642001C350E /* WeatherService.swift */,
			);
			path = Services;
			sourceTree = "<group>";
		};
		2213D0CC28EF832B001C350E /* Resources */ = {
			isa = PBXGroup;
			children = (
				2213D0CE28EF85A2001C350E /* Resources.swift */,
			);
			path = Resources;
			sourceTree = "<group>";
		};
/* End PBXGroup section */

/* Begin PBXNativeTarget section */
		2213D0B028EF82F8001C350E /* WeatherAppTest */ = {
			isa = PBXNativeTarget;
			buildConfigurationList = 2213D0C528EF82FA001C350E /* Build configuration list for PBXNativeTarget "WeatherAppTest" */;
			buildPhases = (
				2213D0AD28EF82F8001C350E /* Sources */,
				2213D0AE28EF82F8001C350E /* Frameworks */,
				2213D0AF28EF82F8001C350E /* Resources */,
			);
			buildRules = (
			);
			dependencies = (
			);
			name = WeatherAppTest;
			productName = WeatherAppTest;
			productReference = 2213D0B128EF82F8001C350E /* WeatherAppTest.app */;
			productType = "com.apple.product-type.application";
		};
/* End PBXNativeTarget section */

/* Begin PBXProject section */
		2213D0A928EF82F8001C350E /* Project object */ = {
			isa = PBXProject;
			attributes = {
				BuildIndependentTargetsInParallel = 1;
				LastSwiftUpdateCheck = 1400;
				LastUpgradeCheck = 1400;
				TargetAttributes = {
					2213D0B028EF82F8001C350E = {
						CreatedOnToolsVersion = 14.0;
					};
				};
			};
			buildConfigurationList = 2213D0AC28EF82F8001C350E /* Build configuration list for PBXProject "WeatherAppTest" */;
			compatibilityVersion = "Xcode 14.0";
			developmentRegion = en;
			hasScannedForEncodings = 0;
			knownRegions = (
				en,
				Base,
			);
			mainGroup = 2213D0A828EF82F8001C350E;
			productRefGroup = 2213D0B228EF82F8001C350E /* Products */;
			projectDirPath = "";
			projectRoot = "";
			targets = (
				2213D0B028EF82F8001C350E /* WeatherAppTest */,
			);
		};
/* End PBXProject section */

/* Begin PBXResourcesBuildPhase section */
		2213D0AF28EF82F8001C350E /* Resources */ = {
			isa = PBXResourcesBuildPhase;
			buildActionMask = 2147483647;
			files = (
				2213D0C128EF82FA001C350E /* LaunchScreen.storyboard in Resources */,
				2213D0BE28EF82FA001C350E /* Assets.xcassets in Resources */,
			);
			runOnlyForDeploymentPostprocessing = 0;
		};
/* End PBXResourcesBuildPhase section */

/* Begin PBXSourcesBuildPhase section */
		2213D0AD28EF82F8001C350E /* Sources */ = {
			isa = PBXSourcesBuildPhase;
			buildActionMask = 2147483647;
			files = (
				2213D0D128EF8642001C350E /* WeatherService.swift in Sources */,
				2213D0B928EF82F8001C350E /* ViewController.swift in Sources */,
				2213D0CF28EF85A2001C350E /* Resources.swift in Sources */,
				2213D0B528EF82F8001C350E /* AppDelegate.swift in Sources */,
				2213D0B728EF82F8001C350E /* SceneDelegate.swift in Sources */,
			);
			runOnlyForDeploymentPostprocessing = 0;
		};
/* End PBXSourcesBuildPhase section */

/* Begin PBXVariantGroup section */
		2213D0BF28EF82FA001C350E /* LaunchScreen.storyboard */ = {
			isa = PBXVariantGroup;
			children = (
				2213D0C028EF82FA001C350E /* Base */,
			);
			name = LaunchScreen.storyboard;
			sourceTree = "<group>";
		};
/* End PBXVariantGroup section */

/* Begin XCBuildConfiguration section */
		2213D0C328EF82FA001C350E /* Debug */ = {
			isa = XCBuildConfiguration;
			buildSettings = {
				ALWAYS_SEARCH_USER_PATHS = NO;
				CLANG_ANALYZER_NONNULL = YES;
				CLANG_ANALYZER_NUMBER_OBJECT_CONVERSION = YES_AGGRESSIVE;
				CLANG_CXX_LANGUAGE_STANDARD = "gnu++20";
				CLANG_ENABLE_MODULES = YES;
				CLANG_ENABLE_OBJC_ARC = YES;
				CLANG_ENABLE_OBJC_WEAK = YES;
				CLANG_WARN_BLOCK_CAPTURE_AUTORELEASING = YES;
				CLANG_WARN_BOOL_CONVERSION = YES;
				CLANG_WARN_COMMA = YES;
				CLANG_WARN_CONSTANT_CONVERSION = YES;
				CLANG_WARN_DEPRECATED_OBJC_IMPLEMENTATIONS = YES;
				CLANG_WARN_DIRECT_OBJC_ISA_USAGE = YES_ERROR;
				CLANG_WARN_DOCUMENTATION_COMMENTS = YES;
				CLANG_WARN_EMPTY_BODY = YES;
				CLANG_WARN_ENUM_CONVERSION = YES;
				CLANG_WARN_INFINITE_RECURSION = YES;
				CLANG_WARN_INT_CONVERSION = YES;
				CLANG_WARN_NON_LITERAL_NULL_CONVERSION = YES;
				CLANG_WARN_OBJC_IMPLICIT_RETAIN_SELF = YES;
				CLANG_WARN_OBJC_LITERAL_CONVERSION = YES;
				CLANG_WARN_OBJC_ROOT_CLASS = YES_ERROR;
				CLANG_WARN_QUOTED_INCLUDE_IN_FRAMEWORK_HEADER = YES;
				CLANG_WARN_RANGE_LOOP_ANALYSIS = YES;
				CLANG_WARN_STRICT_PROTOTYPES = YES;
				CLANG_WARN_SUSPICIOUS_MOVE = YES;
				CLANG_WARN_UNGUARDED_AVAILABILITY = YES_AGGRESSIVE;
				CLANG_WARN_UNREACHABLE_CODE = YES;
				CLANG_WARN__DUPLICATE_METHOD_MATCH = YES;
				COPY_PHASE_STRIP = NO;
				DEBUG_INFORMATION_FORMAT = dwarf;
				ENABLE_STRICT_OBJC_MSGSEND = YES;
				ENABLE_TESTABILITY = YES;
				GCC_C_LANGUAGE_STANDARD = gnu11;
				GCC_DYNAMIC_NO_PIC = NO;
				GCC_NO_COMMON_BLOCKS = YES;
				GCC_OPTIMIZATION_LEVEL = 0;
				GCC_PREPROCESSOR_DEFINITIONS = (
					"DEBUG=1",
					"$(inherited)",
				);
				GCC_WARN_64_TO_32_BIT_CONVERSION = YES;
				GCC_WARN_ABOUT_RETURN_TYPE = YES_ERROR;
				GCC_WARN_UNDECLARED_SELECTOR = YES;
				GCC_WARN_UNINITIALIZED_AUTOS = YES_AGGRESSIVE;
				GCC_WARN_UNUSED_FUNCTION = YES;
				GCC_WARN_UNUSED_VARIABLE = YES;
				IPHONEOS_DEPLOYMENT_TARGET = 16.0;
				MTL_ENABLE_DEBUG_INFO = INCLUDE_SOURCE;
				MTL_FAST_MATH = YES;
				ONLY_ACTIVE_ARCH = YES;
				SDKROOT = iphoneos;
				SWIFT_ACTIVE_COMPILATION_CONDITIONS = DEBUG;
				SWIFT_OPTIMIZATION_LEVEL = "-Onone";
			};
			name = Debug;
		};
		2213D0C428EF82FA001C350E /* Release */ = {
			isa = XCBuildConfiguration;
			buildSettings = {
				ALWAYS_SEARCH_USER_PATHS = NO;
				CLANG_ANALYZER_NONNULL = YES;
				CLANG_ANALYZER_NUMBER_OBJECT_CONVERSION = YES_AGGRESSIVE;
				CLANG_CXX_LANGUAGE_STANDARD = "gnu++20";
				CLANG_ENABLE_MODULES = YES;
				CLANG_ENABLE_OBJC_ARC = YES;
				CLANG_ENABLE_OBJC_WEAK = YES;
				CLANG_WARN_BLOCK_CAPTURE_AUTORELEASING = YES;
				CLANG_WARN_BOOL_CONVERSION = YES;
				CLANG_WARN_COMMA = YES;
				CLANG_WARN_CONSTANT_CONVERSION = YES;
				CLANG_WARN_DEPRECATED_OBJC_IMPLEMENTATIONS = YES;
				CLANG_WARN_DIRECT_OBJC_ISA_USAGE = YES_ERROR;
				CLANG_WARN_DOCUMENTATION_COMMENTS = YES;
				CLANG_WARN_EMPTY_BODY = YES;
				CLANG_WARN_ENUM_CONVERSION = YES;
				CLANG_WARN_INFINITE_RECURSION = YES;
				CLANG_WARN_INT_CONVERSION = YES;
				CLANG_WARN_NON_LITERAL_NULL_CONVERSION = YES;
				CLANG_WARN_OBJC_IMPLICIT_RETAIN_SELF = YES;
				CLANG_WARN_OBJC_LITERAL_CONVERSION = YES;
				CLANG_WARN_OBJC_ROOT_CLASS = YES_ERROR;
				CLANG_WARN_QUOTED_INCLUDE_IN_FRAMEWORK_HEADER = YES;
				CLANG_WARN_RANGE_LOOP_ANALYSIS = YES;
				CLANG_WARN_STRICT_PROTOTYPES = YES;
				CLANG_WARN_SUSPICIOUS_MOVE = YES;
				CLANG_WARN_UNGUARDED_AVAILABILITY = YES_AGGRESSIVE;
				CLANG_WARN_UNREACHABLE_CODE = YES;
				CLANG_WARN__DUPLICATE_METHOD_MATCH = YES;
				COPY_PHASE_STRIP = NO;
				DEBUG_INFORMATION_FORMAT = "dwarf-with-dsym";
				ENABLE_NS_ASSERTIONS = NO;
				ENABLE_STRICT_OBJC_MSGSEND = YES;
				GCC_C_LANGUAGE_STANDARD = gnu11;
				GCC_NO_COMMON_BLOCKS = YES;
				GCC_WARN_64_TO_32_BIT_CONVERSION = YES;
				GCC_WARN_ABOUT_RETURN_TYPE = YES_ERROR;
				GCC_WARN_UNDECLARED_SELECTOR = YES;
				GCC_WARN_UNINITIALIZED_AUTOS = YES_AGGRESSIVE;
				GCC_WARN_UNUSED_FUNCTION = YES;
				GCC_WARN_UNUSED_VARIABLE = YES;
				IPHONEOS_DEPLOYMENT_TARGET = 16.0;
				MTL_ENABLE_DEBUG_INFO = NO;
				MTL_FAST_MATH = YES;
				SDKROOT = iphoneos;
				SWIFT_COMPILATION_MODE = wholemodule;
				SWIFT_OPTIMIZATION_LEVEL = "-O";
				VALIDATE_PRODUCT = YES;
			};
			name = Release;
		};
		2213D0C628EF82FA001C350E /* Debug */ = {
			isa = XCBuildConfiguration;
			buildSettings = {
				ASSETCATALOG_COMPILER_APPICON_NAME = AppIcon;
				ASSETCATALOG_COMPILER_GLOBAL_ACCENT_COLOR_NAME = AccentColor;
				CODE_SIGN_STYLE = Automatic;
				CURRENT_PROJECT_VERSION = 1;
				DEVELOPMENT_TEAM = P3J7CNSS98;
				GENERATE_INFOPLIST_FILE = YES;
				INFOPLIST_FILE = WeatherAppTest/Helpers/Info.plist;
				INFOPLIST_KEY_UIApplicationSupportsIndirectInputEvents = YES;
				INFOPLIST_KEY_UILaunchStoryboardName = LaunchScreen;
				INFOPLIST_KEY_UISupportedInterfaceOrientations = UIInterfaceOrientationPortrait;
				INFOPLIST_KEY_UISupportedInterfaceOrientations_iPad = "UIInterfaceOrientationLandscapeLeft UIInterfaceOrientationLandscapeRight UIInterfaceOrientationPortrait UIInterfaceOrientationPortraitUpsideDown";
				LD_RUNPATH_SEARCH_PATHS = (
					"$(inherited)",
					"@executable_path/Frameworks",
				);
				MARKETING_VERSION = 1.0;
				PRODUCT_BUNDLE_IDENTIFIER = ru.vladimir.WeatherAppTest;
				PRODUCT_NAME = "$(TARGET_NAME)";
				SWIFT_EMIT_LOC_STRINGS = YES;
				SWIFT_VERSION = 5.0;
				TARGETED_DEVICE_FAMILY = "1,2";
			};
			name = Debug;
		};
		2213D0C728EF82FA001C350E /* Release */ = {
			isa = XCBuildConfiguration;
			buildSettings = {
				ASSETCATALOG_COMPILER_APPICON_NAME = AppIcon;
				ASSETCATALOG_COMPILER_GLOBAL_ACCENT_COLOR_NAME = AccentColor;
				CODE_SIGN_STYLE = Automatic;
				CURRENT_PROJECT_VERSION = 1;
				DEVELOPMENT_TEAM = P3J7CNSS98;
				GENERATE_INFOPLIST_FILE = YES;
				INFOPLIST_FILE = WeatherAppTest/Helpers/Info.plist;
				INFOPLIST_KEY_UIApplicationSupportsIndirectInputEvents = YES;
				INFOPLIST_KEY_UILaunchStoryboardName = LaunchScreen;
				INFOPLIST_KEY_UISupportedInterfaceOrientations = UIInterfaceOrientationPortrait;
				INFOPLIST_KEY_UISupportedInterfaceOrientations_iPad = "UIInterfaceOrientationLandscapeLeft UIInterfaceOrientationLandscapeRight UIInterfaceOrientationPortrait UIInterfaceOrientationPortraitUpsideDown";
				LD_RUNPATH_SEARCH_PATHS = (
					"$(inherited)",
					"@executable_path/Frameworks",
				);
				MARKETING_VERSION = 1.0;
				PRODUCT_BUNDLE_IDENTIFIER = ru.vladimir.WeatherAppTest;
				PRODUCT_NAME = "$(TARGET_NAME)";
				SWIFT_EMIT_LOC_STRINGS = YES;
				SWIFT_VERSION = 5.0;
				TARGETED_DEVICE_FAMILY = "1,2";
			};
			name = Release;
		};
/* End XCBuildConfiguration section */

/* Begin XCConfigurationList section */
		2213D0AC28EF82F8001C350E /* Build configuration list for PBXProject "WeatherAppTest" */ = {
			isa = XCConfigurationList;
			buildConfigurations = (
				2213D0C328EF82FA001C350E /* Debug */,
				2213D0C428EF82FA001C350E /* Release */,
			);
			defaultConfigurationIsVisible = 0;
			defaultConfigurationName = Release;
		};
		2213D0C528EF82FA001C350E /* Build configuration list for PBXNativeTarget "WeatherAppTest" */ = {
			isa = XCConfigurationList;
			buildConfigurations = (
				2213D0C628EF82FA001C350E /* Debug */,
				2213D0C728EF82FA001C350E /* Release */,
			);
			defaultConfigurationIsVisible = 0;
			defaultConfigurationName = Release;
		};
/* End XCConfigurationList section */
	};
	rootObject = 2213D0A928EF82F8001C350E /* Project object */;
}
